
Microsoft Visual Studio Solution File, Format Version 12.00
# Visual Studio 14
VisualStudioVersion = 14.0.25420.1
MinimumVisualStudioVersion = 10.0.40219.1
Project("{D954291E-2A0B-460D-934E-DC6B0785DB48}") = "dotNetApiTest", "dotNetApiTest\dotNetApiTest.shproj", "{613AA0F1-B393-42DF-A274-6374348A670D}"
EndProject
Global
	GlobalSection(SharedMSBuildProjectFiles) = preSolution
		dotNetApiTest\dotNetApiTest.projitems*{613aa0f1-b393-42df-a274-6374348a670d}*SharedItemsImports = 13
	EndGlobalSection
	GlobalSection(SolutionProperties) = preSolution
		HideSolutionNode = FALSE
	EndGlobalSection
EndGlobal
